
Microsoft Visual Studio Solution File, Format Version 12.00
# Visual Studio 14
VisualStudioVersion = 14.0.25420.1
MinimumVisualStudioVersion = 10.0.40219.1
Project("{FAE04EC0-301F-11D3-BF4B-00C04F79EFBC}") = "OticaWS", "OticaWS\OticaWS.csproj", "{D52AA856-7358-49EE-A31E-B25CFCA8FE92}"
EndProject
Project("{FAE04EC0-301F-11D3-BF4B-00C04F79EFBC}") = "OticaModel", "OticaModel\OticaModel.csproj", "{4043495F-D8CB-47E2-96B3-90A47EB06881}"
EndProject
Global
	GlobalSection(SolutionConfigurationPlatforms) = preSolution
		Debug|Any CPU = Debug|Any CPU
		Release|Any CPU = Release|Any CPU
	EndGlobalSection
	GlobalSection(ProjectConfigurationPlatforms) = postSolution
		{D52AA856-7358-49EE-A31E-B25CFCA8FE92}.Debug|Any CPU.ActiveCfg = Debug|Any CPU
		{D52AA856-7358-49EE-A31E-B25CFCA8FE92}.Debug|Any CPU.Build.0 = Debug|Any CPU
		{D52AA856-7358-49EE-A31E-B25CFCA8FE92}.Release|Any CPU.ActiveCfg = Release|Any CPU
		{D52AA856-7358-49EE-A31E-B25CFCA8FE92}.Release|Any CPU.Build.0 = Release|Any CPU
		{4043495F-D8CB-47E2-96B3-90A47EB06881}.Debug|Any CPU.ActiveCfg = Debug|Any CPU
		{4043495F-D8CB-47E2-96B3-90A47EB06881}.Debug|Any CPU.Build.0 = Debug|Any CPU
		{4043495F-D8CB-47E2-96B3-90A47EB06881}.Release|Any CPU.ActiveCfg = Release|Any CPU
		{4043495F-D8CB-47E2-96B3-90A47EB06881}.Release|Any CPU.Build.0 = Release|Any CPU
	EndGlobalSection
	GlobalSection(SolutionProperties) = preSolution
		HideSolutionNode = FALSE
	EndGlobalSection
EndGlobal
